
Microsoft Visual Studio Solution File, Format Version 12.00
# Visual Studio Version 17
VisualStudioVersion = 17.14.36616.10
MinimumVisualStudioVersion = 10.0.40219.1
Project("{FAE04EC0-301F-11D3-BF4B-00C04F79EFBC}") = "Project", "Project\Project.csproj", "{CDA2D8E2-D77F-46D3-9728-EA3E6BDCC491}"
EndProject
Project("{FAE04EC0-301F-11D3-BF4B-00C04F79EFBC}") = "Project.Tests", "Project.Tests\Project.Tests.csproj", "{36008618-A745-4267-8010-22CC669E807B}"
EndProject
Global
	GlobalSection(SolutionConfigurationPlatforms) = preSolution
		Debug|Any CPU = Debug|Any CPU
		Debug|x64 = Debug|x64
		Debug|x86 = Debug|x86
		Release|Any CPU = Release|Any CPU
		Release|x64 = Release|x64
		Release|x86 = Release|x86
	EndGlobalSection
	GlobalSection(ProjectConfigurationPlatforms) = postSolution
		{CDA2D8E2-D77F-46D3-9728-EA3E6BDCC491}.Debug|Any CPU.ActiveCfg = Debug|Any CPU
		{CDA2D8E2-D77F-46D3-9728-EA3E6BDCC491}.Debug|Any CPU.Build.0 = Debug|Any CPU
		{CDA2D8E2-D77F-46D3-9728-EA3E6BDCC491}.Debug|x64.ActiveCfg = Debug|Any CPU
		{CDA2D8E2-D77F-46D3-9728-EA3E6BDCC491}.Debug|x64.Build.0 = Debug|Any CPU
		{CDA2D8E2-D77F-46D3-9728-EA3E6BDCC491}.Debug|x86.ActiveCfg = Debug|Any CPU
		{CDA2D8E2-D77F-46D3-9728-EA3E6BDCC491}.Debug|x86.Build.0 = Debug|Any CPU
		{CDA2D8E2-D77F-46D3-9728-EA3E6BDCC491}.Release|Any CPU.ActiveCfg = Release|Any CPU
		{CDA2D8E2-D77F-46D3-9728-EA3E6BDCC491}.Release|Any CPU.Build.0 = Release|Any CPU
		{CDA2D8E2-D77F-46D3-9728-EA3E6BDCC491}.Release|x64.ActiveCfg = Release|Any CPU
		{CDA2D8E2-D77F-46D3-9728-EA3E6BDCC491}.Release|x64.Build.0 = Release|Any CPU
		{CDA2D8E2-D77F-46D3-9728-EA3E6BDCC491}.Release|x86.ActiveCfg = Release|Any CPU
		{CDA2D8E2-D77F-46D3-9728-EA3E6BDCC491}.Release|x86.Build.0 = Release|Any CPU
		{36008618-A745-4267-8010-22CC669E807B}.Debug|Any CPU.ActiveCfg = Debug|Any CPU
		{36008618-A745-4267-8010-22CC669E807B}.Debug|Any CPU.Build.0 = Debug|Any CPU
		{36008618-A745-4267-8010-22CC669E807B}.Debug|x64.ActiveCfg = Debug|Any CPU
		{36008618-A745-4267-8010-22CC669E807B}.Debug|x64.Build.0 = Debug|Any CPU
		{36008618-A745-4267-8010-22CC669E807B}.Debug|x86.ActiveCfg = Debug|Any CPU
		{36008618-A745-4267-8010-22CC669E807B}.Debug|x86.Build.0 = Debug|Any CPU
		{36008618-A745-4267-8010-22CC669E807B}.Release|Any CPU.ActiveCfg = Release|Any CPU
		{36008618-A745-4267-8010-22CC669E807B}.Release|Any CPU.Build.0 = Release|Any CPU
		{36008618-A745-4267-8010-22CC669E807B}.Release|x64.ActiveCfg = Release|Any CPU
		{36008618-A745-4267-8010-22CC669E807B}.Release|x64.Build.0 = Release|Any CPU
		{36008618-A745-4267-8010-22CC669E807B}.Release|x86.ActiveCfg = Release|Any CPU
		{36008618-A745-4267-8010-22CC669E807B}.Release|x86.Build.0 = Release|Any CPU
	EndGlobalSection
	GlobalSection(SolutionProperties) = preSolution
		HideSolutionNode = FALSE
	EndGlobalSection
	GlobalSection(ExtensibilityGlobals) = postSolution
		SolutionGuid = {3209ADB0-9333-443F-8C84-9069C4662AC7}
	EndGlobalSection
EndGlobal
